// !$*UTF8*$!
{
	archiveVersion = 1;
	classes = {
	};
	objectVersion = 55;
	objects = {

/* Begin PBXBuildFile section */
		2BB4AA2DF14FE9F146DD2A59 /* amplifyconfiguration.json in Resources */ = {isa = PBXBuildFile; fileRef = 8EAE08E9D6122B2EDF7EE36B /* amplifyconfiguration.json */; };
		5C18D2B928552897003C8A4B /* SwiftUIComponents in Frameworks */ = {isa = PBXBuildFile; productRef = 5C18D2B828552897003C8A4B /* SwiftUIComponents */; };
		5CCD91A12854F1BC00AB70E7 /* AWSMobileClientDemoApp.swift in Sources */ = {isa = PBXBuildFile; fileRef = 5CCD91A02854F1BC00AB70E7 /* AWSMobileClientDemoApp.swift */; };
		5CCD91A52854F1BD00AB70E7 /* Assets.xcassets in Resources */ = {isa = PBXBuildFile; fileRef = 5CCD91A42854F1BD00AB70E7 /* Assets.xcassets */; };
		5CCD91A82854F1BD00AB70E7 /* Preview Assets.xcassets in Resources */ = {isa = PBXBuildFile; fileRef = 5CCD91A72854F1BD00AB70E7 /* Preview Assets.xcassets */; };
		5CCD91AF2854F1E100AB70E7 /* MobileClientManager.swift in Sources */ = {isa = PBXBuildFile; fileRef = 5CCD91AE2854F1E100AB70E7 /* MobileClientManager.swift */; };
		5CCD924928551E3700AB70E7 /* LoginView.swift in Sources */ = {isa = PBXBuildFile; fileRef = 5CCD924728551E3700AB70E7 /* LoginView.swift */; };
		5CCD924A28551E3700AB70E7 /* SessionView.swift in Sources */ = {isa = PBXBuildFile; fileRef = 5CCD924828551E3700AB70E7 /* SessionView.swift */; };
		5CF628CA2855340E005AC2A8 /* AWSAuthCore in Frameworks */ = {isa = PBXBuildFile; productRef = 5CF628C92855340E005AC2A8 /* AWSAuthCore */; };
		5CF628CC2855340E005AC2A8 /* AWSCognitoIdentityProvider in Frameworks */ = {isa = PBXBuildFile; productRef = 5CF628CB2855340E005AC2A8 /* AWSCognitoIdentityProvider */; };
		5CF628CE2855340E005AC2A8 /* AWSCognitoIdentityProviderASF in Frameworks */ = {isa = PBXBuildFile; productRef = 5CF628CD2855340E005AC2A8 /* AWSCognitoIdentityProviderASF */; };
		5CF628D02855340E005AC2A8 /* AWSCore in Frameworks */ = {isa = PBXBuildFile; productRef = 5CF628CF2855340E005AC2A8 /* AWSCore */; };
		5CF628D22855340E005AC2A8 /* AWSMobileClientXCF in Frameworks */ = {isa = PBXBuildFile; productRef = 5CF628D12855340E005AC2A8 /* AWSMobileClientXCF */; };
		5CF628D42855340E005AC2A8 /* AWSUserPoolsSignIn in Frameworks */ = {isa = PBXBuildFile; productRef = 5CF628D32855340E005AC2A8 /* AWSUserPoolsSignIn */; };
		7397F8EF1FFF063E92A90D60 /* awsconfiguration.json in Resources */ = {isa = PBXBuildFile; fileRef = A8A57629081C42CBE347CFF4 /* awsconfiguration.json */; };
/* End PBXBuildFile section */

/* Begin PBXFileReference section */
		5CCD919D2854F1BC00AB70E7 /* AWSMobileClientDemo.app */ = {isa = PBXFileReference; explicitFileType = wrapper.application; includeInIndex = 0; path = AWSMobileClientDemo.app; sourceTree = BUILT_PRODUCTS_DIR; };
		5CCD91A02854F1BC00AB70E7 /* AWSMobileClientDemoApp.swift */ = {isa = PBXFileReference; lastKnownFileType = sourcecode.swift; path = AWSMobileClientDemoApp.swift; sourceTree = "<group>"; };
		5CCD91A42854F1BD00AB70E7 /* Assets.xcassets */ = {isa = PBXFileReference; lastKnownFileType = folder.assetcatalog; path = Assets.xcassets; sourceTree = "<group>"; };
		5CCD91A72854F1BD00AB70E7 /* Preview Assets.xcassets */ = {isa = PBXFileReference; lastKnownFileType = folder.assetcatalog; path = "Preview Assets.xcassets"; sourceTree = "<group>"; };
		5CCD91AE2854F1E100AB70E7 /* MobileClientManager.swift */ = {isa = PBXFileReference; fileEncoding = 4; lastKnownFileType = sourcecode.swift; path = MobileClientManager.swift; sourceTree = "<group>"; };
		5CCD924728551E3700AB70E7 /* LoginView.swift */ = {isa = PBXFileReference; fileEncoding = 4; lastKnownFileType = sourcecode.swift; path = LoginView.swift; sourceTree = "<group>"; };
		5CCD924828551E3700AB70E7 /* SessionView.swift */ = {isa = PBXFileReference; fileEncoding = 4; lastKnownFileType = sourcecode.swift; path = SessionView.swift; sourceTree = "<group>"; };
		8EAE08E9D6122B2EDF7EE36B /* amplifyconfiguration.json */ = {isa = PBXFileReference; explicitFileType = text.json; path = amplifyconfiguration.json; sourceTree = "<group>"; };
		A8A57629081C42CBE347CFF4 /* awsconfiguration.json */ = {isa = PBXFileReference; explicitFileType = text.json; path = awsconfiguration.json; sourceTree = "<group>"; };
/* End PBXFileReference section */

/* Begin PBXFrameworksBuildPhase section */
		5CCD919A2854F1BC00AB70E7 /* Frameworks */ = {
			isa = PBXFrameworksBuildPhase;
			buildActionMask = 2147483647;
			files = (
				5C18D2B928552897003C8A4B /* SwiftUIComponents in Frameworks */,
				5CF628D42855340E005AC2A8 /* AWSUserPoolsSignIn in Frameworks */,
				5CF628CA2855340E005AC2A8 /* AWSAuthCore in Frameworks */,
				5CF628CE2855340E005AC2A8 /* AWSCognitoIdentityProviderASF in Frameworks */,
				5CF628D22855340E005AC2A8 /* AWSMobileClientXCF in Frameworks */,
				5CF628CC2855340E005AC2A8 /* AWSCognitoIdentityProvider in Frameworks */,
				5CF628D02855340E005AC2A8 /* AWSCore in Frameworks */,
			);
			runOnlyForDeploymentPostprocessing = 0;
		};
/* End PBXFrameworksBuildPhase section */

/* Begin PBXGroup section */
		5CCD91942854F1BC00AB70E7 = {
			isa = PBXGroup;
			children = (
				5CCD919F2854F1BC00AB70E7 /* AWSMobileClientDemo */,
				5CCD919E2854F1BC00AB70E7 /* Products */,
				EF8641D393C4646C0BA0309E /* AmplifyConfig */,
			);
			sourceTree = "<group>";
		};
		5CCD919E2854F1BC00AB70E7 /* Products */ = {
			isa = PBXGroup;
			children = (
				5CCD919D2854F1BC00AB70E7 /* AWSMobileClientDemo.app */,
			);
			name = Products;
			sourceTree = "<group>";
		};
		5CCD919F2854F1BC00AB70E7 /* AWSMobileClientDemo */ = {
			isa = PBXGroup;
			children = (
				5CCD924628551E1C00AB70E7 /* Views */,
				5CCD91A02854F1BC00AB70E7 /* AWSMobileClientDemoApp.swift */,
				5CCD91AE2854F1E100AB70E7 /* MobileClientManager.swift */,
				5CCD91A42854F1BD00AB70E7 /* Assets.xcassets */,
				5CCD91A62854F1BD00AB70E7 /* Preview Content */,
			);
			path = AWSMobileClientDemo;
			sourceTree = "<group>";
		};
		5CCD91A62854F1BD00AB70E7 /* Preview Content */ = {
			isa = PBXGroup;
			children = (
				5CCD91A72854F1BD00AB70E7 /* Preview Assets.xcassets */,
			);
			path = "Preview Content";
			sourceTree = "<group>";
		};
		5CCD924628551E1C00AB70E7 /* Views */ = {
			isa = PBXGroup;
			children = (
				5CCD924728551E3700AB70E7 /* LoginView.swift */,
				5CCD924828551E3700AB70E7 /* SessionView.swift */,
			);
			path = Views;
			sourceTree = "<group>";
		};
		EF8641D393C4646C0BA0309E /* AmplifyConfig */ = {
			isa = PBXGroup;
			children = (
				A8A57629081C42CBE347CFF4 /* awsconfiguration.json */,
				8EAE08E9D6122B2EDF7EE36B /* amplifyconfiguration.json */,
			);
			name = AmplifyConfig;
			sourceTree = "<group>";
		};
/* End PBXGroup section */

/* Begin PBXNativeTarget section */
		5CCD919C2854F1BC00AB70E7 /* AWSMobileClientDemo */ = {
			isa = PBXNativeTarget;
			buildConfigurationList = 5CCD91AB2854F1BD00AB70E7 /* Build configuration list for PBXNativeTarget "AWSMobileClientDemo" */;
			buildPhases = (
				5CCD91992854F1BC00AB70E7 /* Sources */,
				5CCD919A2854F1BC00AB70E7 /* Frameworks */,
				5CCD919B2854F1BC00AB70E7 /* Resources */,
			);
			buildRules = (
			);
			dependencies = (
			);
			name = AWSMobileClientDemo;
			packageProductDependencies = (
				5C18D2B828552897003C8A4B /* SwiftUIComponents */,
				5CF628C92855340E005AC2A8 /* AWSAuthCore */,
				5CF628CB2855340E005AC2A8 /* AWSCognitoIdentityProvider */,
				5CF628CD2855340E005AC2A8 /* AWSCognitoIdentityProviderASF */,
				5CF628CF2855340E005AC2A8 /* AWSCore */,
				5CF628D12855340E005AC2A8 /* AWSMobileClientXCF */,
				5CF628D32855340E005AC2A8 /* AWSUserPoolsSignIn */,
			);
			productName = AWSMobileClientDemo;
			productReference = 5CCD919D2854F1BC00AB70E7 /* AWSMobileClientDemo.app */;
			productType = "com.apple.product-type.application";
		};
/* End PBXNativeTarget section */

/* Begin PBXProject section */
		5CCD91952854F1BC00AB70E7 /* Project object */ = {
			isa = PBXProject;
			attributes = {
				BuildIndependentTargetsInParallel = 1;
				LastSwiftUpdateCheck = 1340;
				LastUpgradeCheck = 1340;
				TargetAttributes = {
					5CCD919C2854F1BC00AB70E7 = {
						CreatedOnToolsVersion = 13.4;
					};
				};
			};
			buildConfigurationList = 5CCD91982854F1BC00AB70E7 /* Build configuration list for PBXProject "AWSMobileClientDemo" */;
			compatibilityVersion = "Xcode 13.0";
			developmentRegion = en;
			hasScannedForEncodings = 0;
			knownRegions = (
				en,
				Base,
			);
			mainGroup = 5CCD91942854F1BC00AB70E7;
			packageReferences = (
				5C18D2B728552897003C8A4B /* XCRemoteSwiftPackageReference "SwiftUIComponents" */,
				5CF628C82855340E005AC2A8 /* XCRemoteSwiftPackageReference "aws-sdk-ios-spm" */,
			);
			productRefGroup = 5CCD919E2854F1BC00AB70E7 /* Products */;
			projectDirPath = "";
			projectRoot = "";
			targets = (
				5CCD919C2854F1BC00AB70E7 /* AWSMobileClientDemo */,
			);
		};
/* End PBXProject section */

/* Begin PBXResourcesBuildPhase section */
		5CCD919B2854F1BC00AB70E7 /* Resources */ = {
			isa = PBXResourcesBuildPhase;
			buildActionMask = 2147483647;
			files = (
				5CCD91A82854F1BD00AB70E7 /* Preview Assets.xcassets in Resources */,
				5CCD91A52854F1BD00AB70E7 /* Assets.xcassets in Resources */,
				7397F8EF1FFF063E92A90D60 /* awsconfiguration.json in Resources */,
				2BB4AA2DF14FE9F146DD2A59 /* amplifyconfiguration.json in Resources */,
			);
			runOnlyForDeploymentPostprocessing = 0;
		};
/* End PBXResourcesBuildPhase section */

/* Begin PBXSourcesBuildPhase section */
		5CCD91992854F1BC00AB70E7 /* Sources */ = {
			isa = PBXSourcesBuildPhase;
			buildActionMask = 2147483647;
			files = (
				5CCD91AF2854F1E100AB70E7 /* MobileClientManager.swift in Sources */,
				5CCD924A28551E3700AB70E7 /* SessionView.swift in Sources */,
				5CCD924928551E3700AB70E7 /* LoginView.swift in Sources */,
				5CCD91A12854F1BC00AB70E7 /* AWSMobileClientDemoApp.swift in Sources */,
			);
			runOnlyForDeploymentPostprocessing = 0;
		};
/* End PBXSourcesBuildPhase section */

/* Begin XCBuildConfiguration section */
		5CCD91A92854F1BD00AB70E7 /* Debug */ = {
			isa = XCBuildConfiguration;
			buildSettings = {
				ALWAYS_SEARCH_USER_PATHS = NO;
				CLANG_ANALYZER_NONNULL = YES;
				CLANG_ANALYZER_NUMBER_OBJECT_CONVERSION = YES_AGGRESSIVE;
				CLANG_CXX_LANGUAGE_STANDARD = "gnu++17";
				CLANG_ENABLE_MODULES = YES;
				CLANG_ENABLE_OBJC_ARC = YES;
				CLANG_ENABLE_OBJC_WEAK = YES;
				CLANG_WARN_BLOCK_CAPTURE_AUTORELEASING = YES;
				CLANG_WARN_BOOL_CONVERSION = YES;
				CLANG_WARN_COMMA = YES;
				CLANG_WARN_CONSTANT_CONVERSION = YES;
				CLANG_WARN_DEPRECATED_OBJC_IMPLEMENTATIONS = YES;
				CLANG_WARN_DIRECT_OBJC_ISA_USAGE = YES_ERROR;
				CLANG_WARN_DOCUMENTATION_COMMENTS = YES;
				CLANG_WARN_EMPTY_BODY = YES;
				CLANG_WARN_ENUM_CONVERSION = YES;
				CLANG_WARN_INFINITE_RECURSION = YES;
				CLANG_WARN_INT_CONVERSION = YES;
				CLANG_WARN_NON_LITERAL_NULL_CONVERSION = YES;
				CLANG_WARN_OBJC_IMPLICIT_RETAIN_SELF = YES;
				CLANG_WARN_OBJC_LITERAL_CONVERSION = YES;
				CLANG_WARN_OBJC_ROOT_CLASS = YES_ERROR;
				CLANG_WARN_QUOTED_INCLUDE_IN_FRAMEWORK_HEADER = YES;
				CLANG_WARN_RANGE_LOOP_ANALYSIS = YES;
				CLANG_WARN_STRICT_PROTOTYPES = YES;
				CLANG_WARN_SUSPICIOUS_MOVE = YES;
				CLANG_WARN_UNGUARDED_AVAILABILITY = YES_AGGRESSIVE;
				CLANG_WARN_UNREACHABLE_CODE = YES;
				CLANG_WARN__DUPLICATE_METHOD_MATCH = YES;
				COPY_PHASE_STRIP = NO;
				DEBUG_INFORMATION_FORMAT = dwarf;
				ENABLE_STRICT_OBJC_MSGSEND = YES;
				ENABLE_TESTABILITY = YES;
				GCC_C_LANGUAGE_STANDARD = gnu11;
				GCC_DYNAMIC_NO_PIC = NO;
				GCC_NO_COMMON_BLOCKS = YES;
				GCC_OPTIMIZATION_LEVEL = 0;
				GCC_PREPROCESSOR_DEFINITIONS = (
					"DEBUG=1",
					"$(inherited)",
				);
				GCC_WARN_64_TO_32_BIT_CONVERSION = YES;
				GCC_WARN_ABOUT_RETURN_TYPE = YES_ERROR;
				GCC_WARN_UNDECLARED_SELECTOR = YES;
				GCC_WARN_UNINITIALIZED_AUTOS = YES_AGGRESSIVE;
				GCC_WARN_UNUSED_FUNCTION = YES;
				GCC_WARN_UNUSED_VARIABLE = YES;
				IPHONEOS_DEPLOYMENT_TARGET = 15.5;
				MTL_ENABLE_DEBUG_INFO = INCLUDE_SOURCE;
				MTL_FAST_MATH = YES;
				ONLY_ACTIVE_ARCH = YES;
				SDKROOT = iphoneos;
				SWIFT_ACTIVE_COMPILATION_CONDITIONS = DEBUG;
				SWIFT_OPTIMIZATION_LEVEL = "-Onone";
			};
			name = Debug;
		};
		5CCD91AA2854F1BD00AB70E7 /* Release */ = {
			isa = XCBuildConfiguration;
			buildSettings = {
				ALWAYS_SEARCH_USER_PATHS = NO;
				CLANG_ANALYZER_NONNULL = YES;
				CLANG_ANALYZER_NUMBER_OBJECT_CONVERSION = YES_AGGRESSIVE;
				CLANG_CXX_LANGUAGE_STANDARD = "gnu++17";
				CLANG_ENABLE_MODULES = YES;
				CLANG_ENABLE_OBJC_ARC = YES;
				CLANG_ENABLE_OBJC_WEAK = YES;
				CLANG_WARN_BLOCK_CAPTURE_AUTORELEASING = YES;
				CLANG_WARN_BOOL_CONVERSION = YES;
				CLANG_WARN_COMMA = YES;
				CLANG_WARN_CONSTANT_CONVERSION = YES;
				CLANG_WARN_DEPRECATED_OBJC_IMPLEMENTATIONS = YES;
				CLANG_WARN_DIRECT_OBJC_ISA_USAGE = YES_ERROR;
				CLANG_WARN_DOCUMENTATION_COMMENTS = YES;
				CLANG_WARN_EMPTY_BODY = YES;
				CLANG_WARN_ENUM_CONVERSION = YES;
				CLANG_WARN_INFINITE_RECURSION = YES;
				CLANG_WARN_INT_CONVERSION = YES;
				CLANG_WARN_NON_LITERAL_NULL_CONVERSION = YES;
				CLANG_WARN_OBJC_IMPLICIT_RETAIN_SELF = YES;
				CLANG_WARN_OBJC_LITERAL_CONVERSION = YES;
				CLANG_WARN_OBJC_ROOT_CLASS = YES_ERROR;
				CLANG_WARN_QUOTED_INCLUDE_IN_FRAMEWORK_HEADER = YES;
				CLANG_WARN_RANGE_LOOP_ANALYSIS = YES;
				CLANG_WARN_STRICT_PROTOTYPES = YES;
				CLANG_WARN_SUSPICIOUS_MOVE = YES;
				CLANG_WARN_UNGUARDED_AVAILABILITY = YES_AGGRESSIVE;
				CLANG_WARN_UNREACHABLE_CODE = YES;
				CLANG_WARN__DUPLICATE_METHOD_MATCH = YES;
				COPY_PHASE_STRIP = NO;
				DEBUG_INFORMATION_FORMAT = "dwarf-with-dsym";
				ENABLE_NS_ASSERTIONS = NO;
				ENABLE_STRICT_OBJC_MSGSEND = YES;
				GCC_C_LANGUAGE_STANDARD = gnu11;
				GCC_NO_COMMON_BLOCKS = YES;
				GCC_WARN_64_TO_32_BIT_CONVERSION = YES;
				GCC_WARN_ABOUT_RETURN_TYPE = YES_ERROR;
				GCC_WARN_UNDECLARED_SELECTOR = YES;
				GCC_WARN_UNINITIALIZED_AUTOS = YES_AGGRESSIVE;
				GCC_WARN_UNUSED_FUNCTION = YES;
				GCC_WARN_UNUSED_VARIABLE = YES;
				IPHONEOS_DEPLOYMENT_TARGET = 15.5;
				MTL_ENABLE_DEBUG_INFO = NO;
				MTL_FAST_MATH = YES;
				SDKROOT = iphoneos;
				SWIFT_COMPILATION_MODE = wholemodule;
				SWIFT_OPTIMIZATION_LEVEL = "-O";
				VALIDATE_PRODUCT = YES;
			};
			name = Release;
		};
		5CCD91AC2854F1BD00AB70E7 /* Debug */ = {
			isa = XCBuildConfiguration;
			buildSettings = {
				ASSETCATALOG_COMPILER_APPICON_NAME = AppIcon;
				ASSETCATALOG_COMPILER_GLOBAL_ACCENT_COLOR_NAME = AccentColor;
				CODE_SIGN_STYLE = Automatic;
				CURRENT_PROJECT_VERSION = 1;
				DEVELOPMENT_ASSET_PATHS = "\"AWSMobileClientDemo/Preview Content\"";
				DEVELOPMENT_TEAM = W3DRXD72QU;
				ENABLE_PREVIEWS = YES;
				GENERATE_INFOPLIST_FILE = YES;
				INFOPLIST_KEY_UIApplicationSceneManifest_Generation = YES;
				INFOPLIST_KEY_UIApplicationSupportsIndirectInputEvents = YES;
				INFOPLIST_KEY_UILaunchScreen_Generation = YES;
				INFOPLIST_KEY_UISupportedInterfaceOrientations_iPad = "UIInterfaceOrientationPortrait UIInterfaceOrientationPortraitUpsideDown UIInterfaceOrientationLandscapeLeft UIInterfaceOrientationLandscapeRight";
				INFOPLIST_KEY_UISupportedInterfaceOrientations_iPhone = "UIInterfaceOrientationPortrait UIInterfaceOrientationLandscapeLeft UIInterfaceOrientationLandscapeRight";
				LD_RUNPATH_SEARCH_PATHS = (
					"$(inherited)",
					"@executable_path/Frameworks",
				);
				MARKETING_VERSION = 1.0;
				PRODUCT_BUNDLE_IDENTIFIER = com.amazonaws.AWSMobileClientDemo;
				PRODUCT_NAME = "$(TARGET_NAME)";
				SWIFT_EMIT_LOC_STRINGS = YES;
				SWIFT_VERSION = 5.0;
				TARGETED_DEVICE_FAMILY = "1,2";
			};
			name = Debug;
		};
		5CCD91AD2854F1BD00AB70E7 /* Release */ = {
			isa = XCBuildConfiguration;
			buildSettings = {
				ASSETCATALOG_COMPILER_APPICON_NAME = AppIcon;
				ASSETCATALOG_COMPILER_GLOBAL_ACCENT_COLOR_NAME = AccentColor;
				CODE_SIGN_STYLE = Automatic;
				CURRENT_PROJECT_VERSION = 1;
				DEVELOPMENT_ASSET_PATHS = "\"AWSMobileClientDemo/Preview Content\"";
				DEVELOPMENT_TEAM = W3DRXD72QU;
				ENABLE_PREVIEWS = YES;
				GENERATE_INFOPLIST_FILE = YES;
				INFOPLIST_KEY_UIApplicationSceneManifest_Generation = YES;
				INFOPLIST_KEY_UIApplicationSupportsIndirectInputEvents = YES;
				INFOPLIST_KEY_UILaunchScreen_Generation = YES;
				INFOPLIST_KEY_UISupportedInterfaceOrientations_iPad = "UIInterfaceOrientationPortrait UIInterfaceOrientationPortraitUpsideDown UIInterfaceOrientationLandscapeLeft UIInterfaceOrientationLandscapeRight";
				INFOPLIST_KEY_UISupportedInterfaceOrientations_iPhone = "UIInterfaceOrientationPortrait UIInterfaceOrientationLandscapeLeft UIInterfaceOrientationLandscapeRight";
				LD_RUNPATH_SEARCH_PATHS = (
					"$(inherited)",
					"@executable_path/Frameworks",
				);
				MARKETING_VERSION = 1.0;
				PRODUCT_BUNDLE_IDENTIFIER = com.amazonaws.AWSMobileClientDemo;
				PRODUCT_NAME = "$(TARGET_NAME)";
				SWIFT_EMIT_LOC_STRINGS = YES;
				SWIFT_VERSION = 5.0;
				TARGETED_DEVICE_FAMILY = "1,2";
			};
			name = Release;
		};
/* End XCBuildConfiguration section */

/* Begin XCConfigurationList section */
		5CCD91982854F1BC00AB70E7 /* Build configuration list for PBXProject "AWSMobileClientDemo" */ = {
			isa = XCConfigurationList;
			buildConfigurations = (
				5CCD91A92854F1BD00AB70E7 /* Debug */,
				5CCD91AA2854F1BD00AB70E7 /* Release */,
			);
			defaultConfigurationIsVisible = 0;
			defaultConfigurationName = Release;
		};
		5CCD91AB2854F1BD00AB70E7 /* Build configuration list for PBXNativeTarget "AWSMobileClientDemo" */ = {
			isa = XCConfigurationList;
			buildConfigurations = (
				5CCD91AC2854F1BD00AB70E7 /* Debug */,
				5CCD91AD2854F1BD00AB70E7 /* Release */,
			);
			defaultConfigurationIsVisible = 0;
			defaultConfigurationName = Release;
		};
/* End XCConfigurationList section */

/* Begin XCRemoteSwiftPackageReference section */
		5C18D2B728552897003C8A4B /* XCRemoteSwiftPackageReference "SwiftUIComponents" */ = {
			isa = XCRemoteSwiftPackageReference;
			repositoryURL = "https://github.com/ameter/SwiftUIComponents.git";
			requirement = {
				branch = main;
				kind = branch;
			};
		};
		5CF628C82855340E005AC2A8 /* XCRemoteSwiftPackageReference "aws-sdk-ios-spm" */ = {
			isa = XCRemoteSwiftPackageReference;
			repositoryURL = "git@github.com:aws-amplify/aws-sdk-ios-spm.git";
			requirement = {
				kind = upToNextMajorVersion;
				minimumVersion = 2.0.0;
			};
		};
/* End XCRemoteSwiftPackageReference section */

/* Begin XCSwiftPackageProductDependency section */
		5C18D2B828552897003C8A4B /* SwiftUIComponents */ = {
			isa = XCSwiftPackageProductDependency;
			package = 5C18D2B728552897003C8A4B /* XCRemoteSwiftPackageReference "SwiftUIComponents" */;
			productName = SwiftUIComponents;
		};
		5CF628C92855340E005AC2A8 /* AWSAuthCore */ = {
			isa = XCSwiftPackageProductDependency;
			package = 5CF628C82855340E005AC2A8 /* XCRemoteSwiftPackageReference "aws-sdk-ios-spm" */;
			productName = AWSAuthCore;
		};
		5CF628CB2855340E005AC2A8 /* AWSCognitoIdentityProvider */ = {
			isa = XCSwiftPackageProductDependency;
			package = 5CF628C82855340E005AC2A8 /* XCRemoteSwiftPackageReference "aws-sdk-ios-spm" */;
			productName = AWSCognitoIdentityProvider;
		};
		5CF628CD2855340E005AC2A8 /* AWSCognitoIdentityProviderASF */ = {
			isa = XCSwiftPackageProductDependency;
			package = 5CF628C82855340E005AC2A8 /* XCRemoteSwiftPackageReference "aws-sdk-ios-spm" */;
			productName = AWSCognitoIdentityProviderASF;
		};
		5CF628CF2855340E005AC2A8 /* AWSCore */ = {
			isa = XCSwiftPackageProductDependency;
			package = 5CF628C82855340E005AC2A8 /* XCRemoteSwiftPackageReference "aws-sdk-ios-spm" */;
			productName = AWSCore;
		};
		5CF628D12855340E005AC2A8 /* AWSMobileClientXCF */ = {
			isa = XCSwiftPackageProductDependency;
			package = 5CF628C82855340E005AC2A8 /* XCRemoteSwiftPackageReference "aws-sdk-ios-spm" */;
			productName = AWSMobileClientXCF;
		};
		5CF628D32855340E005AC2A8 /* AWSUserPoolsSignIn */ = {
			isa = XCSwiftPackageProductDependency;
			package = 5CF628C82855340E005AC2A8 /* XCRemoteSwiftPackageReference "aws-sdk-ios-spm" */;
			productName = AWSUserPoolsSignIn;
		};
/* End XCSwiftPackageProductDependency section */
	};
	rootObject = 5CCD91952854F1BC00AB70E7 /* Project object */;
}
